
Microsoft Visual Studio Solution File, Format Version 12.00
# Visual Studio Version 17
VisualStudioVersion = 17.6.33829.357
MinimumVisualStudioVersion = 10.0.40219.1
Project("{9A19103F-16F7-4668-BE54-9A1E7A4F7556}") = "Infrastructure", "Infrastructure\Infrastructure.csproj", "{86CAA218-52BA-411E-A183-E31BC024942A}"
EndProject
Project("{9A19103F-16F7-4668-BE54-9A1E7A4F7556}") = "AHL.Business", "AHL.Business\AHL.Business.csproj", "{8B93CB08-F9B4-4F48-BC0C-F5A843537C30}"
EndProject
Project("{9A19103F-16F7-4668-BE54-9A1E7A4F7556}") = "AHL.DataAccess", "AHL.DataAccess\AHL.DataAccess.csproj", "{DCC51F53-229B-4CB9-91E0-6DC3BB8ECA59}"
EndProject
Project("{9A19103F-16F7-4668-BE54-9A1E7A4F7556}") = "AHL.Model", "AHL.Model\AHL.Model.csproj", "{C878C7C1-982E-4E33-9661-84CF4D7AED9D}"
EndProject
Project("{9A19103F-16F7-4668-BE54-9A1E7A4F7556}") = "AHL.WebAPI", "AHL.WebAPI\AHL.WebAPI.csproj", "{06DFFF9F-396E-4C99-A965-49B6B9EAA88D}"
EndProject
Global
	GlobalSection(SolutionConfigurationPlatforms) = preSolution
		Debug|Any CPU = Debug|Any CPU
		Release|Any CPU = Release|Any CPU
	EndGlobalSection
	GlobalSection(ProjectConfigurationPlatforms) = postSolution
		{86CAA218-52BA-411E-A183-E31BC024942A}.Debug|Any CPU.ActiveCfg = Debug|Any CPU
		{86CAA218-52BA-411E-A183-E31BC024942A}.Debug|Any CPU.Build.0 = Debug|Any CPU
		{86CAA218-52BA-411E-A183-E31BC024942A}.Release|Any CPU.ActiveCfg = Release|Any CPU
		{86CAA218-52BA-411E-A183-E31BC024942A}.Release|Any CPU.Build.0 = Release|Any CPU
		{8B93CB08-F9B4-4F48-BC0C-F5A843537C30}.Debug|Any CPU.ActiveCfg = Debug|Any CPU
		{8B93CB08-F9B4-4F48-BC0C-F5A843537C30}.Debug|Any CPU.Build.0 = Debug|Any CPU
		{8B93CB08-F9B4-4F48-BC0C-F5A843537C30}.Release|Any CPU.ActiveCfg = Release|Any CPU
		{8B93CB08-F9B4-4F48-BC0C-F5A843537C30}.Release|Any CPU.Build.0 = Release|Any CPU
		{DCC51F53-229B-4CB9-91E0-6DC3BB8ECA59}.Debug|Any CPU.ActiveCfg = Debug|Any CPU
		{DCC51F53-229B-4CB9-91E0-6DC3BB8ECA59}.Debug|Any CPU.Build.0 = Debug|Any CPU
		{DCC51F53-229B-4CB9-91E0-6DC3BB8ECA59}.Release|Any CPU.ActiveCfg = Release|Any CPU
		{DCC51F53-229B-4CB9-91E0-6DC3BB8ECA59}.Release|Any CPU.Build.0 = Release|Any CPU
		{C878C7C1-982E-4E33-9661-84CF4D7AED9D}.Debug|Any CPU.ActiveCfg = Debug|Any CPU
		{C878C7C1-982E-4E33-9661-84CF4D7AED9D}.Debug|Any CPU.Build.0 = Debug|Any CPU
		{C878C7C1-982E-4E33-9661-84CF4D7AED9D}.Release|Any CPU.ActiveCfg = Release|Any CPU
		{C878C7C1-982E-4E33-9661-84CF4D7AED9D}.Release|Any CPU.Build.0 = Release|Any CPU
		{06DFFF9F-396E-4C99-A965-49B6B9EAA88D}.Debug|Any CPU.ActiveCfg = Debug|Any CPU
		{06DFFF9F-396E-4C99-A965-49B6B9EAA88D}.Debug|Any CPU.Build.0 = Debug|Any CPU
		{06DFFF9F-396E-4C99-A965-49B6B9EAA88D}.Release|Any CPU.ActiveCfg = Release|Any CPU
		{06DFFF9F-396E-4C99-A965-49B6B9EAA88D}.Release|Any CPU.Build.0 = Release|Any CPU
	EndGlobalSection
	GlobalSection(SolutionProperties) = preSolution
		HideSolutionNode = FALSE
	EndGlobalSection
	GlobalSection(ExtensibilityGlobals) = postSolution
		SolutionGuid = {8DCB456F-24D7-4139-BE41-9123CEBCB499}
	EndGlobalSection
EndGlobal
